<?xml version="1.0" encoding="UTF-8"?>
<Scheme
   LastUpgradeVersion = "1430"
   version = "1.7">
   <BuildAction
      parallelizeBuildables = "YES"
      buildImplicitDependencies = "YES"
      runPostActionsOnFailure = "NO">
      <BuildActionEntries>
         <BuildActionEntry
            buildForTesting = "YES"
            buildForRunning = "YES"
            buildForProfiling = "YES"
            buildForArchiving = "YES"
            buildForAnalyzing = "YES">
            <BuildableReference
               BuildableIdentifier = "primary"
               BlueprintIdentifier = "3A70BE77DB500E5467D856E4"
               BuildableName = "Enduragent.app"
               BlueprintName = "Enduragent"
               ReferencedContainer = "container:Enduragent.xcodeproj">
            </BuildableReference>
         </BuildActionEntry>
         <BuildActionEntry
            buildForTesting = "YES"
            buildForRunning = "NO"
            buildForProfiling = "NO"
            buildForArchiving = "NO"
            buildForAnalyzing = "NO">
            <BuildableReference
               BuildableIdentifier = "primary"
               BlueprintIdentifier = "4AC365EAC5191AAE94DC7976"
               BuildableName = "EnduragentPhoneTests.xctest"
               BlueprintName = "EnduragentPhoneTests"
               ReferencedContainer = "container:Enduragent.xcodeproj">
            </BuildableReference>
         </BuildActionEntry>
      </BuildActionEntries>
   </BuildAction>
   <TestAction
      buildConfiguration = "Debug"
      selectedDebuggerIdentifier = "Xcode.DebuggerFoundation.Debugger.LLDB"
      selectedLauncherIdentifier = "Xcode.DebuggerFoundation.Launcher.LLDB"
      shouldUseLaunchSchemeArgsEnv = "NO"
      onlyGenerateCoverageForSpecifiedTargets = "NO">
      <MacroExpansion>
         <BuildableReference
            BuildableIdentifier = "primary"
            BlueprintIdentifier = "3A70BE77DB500E5467D856E4"
            BuildableName = "Enduragent.app"
            BlueprintName = "Enduragent"
            ReferencedContainer = "container:Enduragent.xcodeproj">
         </BuildableReference>
      </MacroExpansion>
      <Testables>
         <TestableReference
            skipped = "NO"
            parallelizable = "NO">
            <BuildableReference
               BuildableIdentifier = "primary"
               BlueprintIdentifier = "4AC365EAC5191AAE94DC7976"
               BuildableName = "EnduragentPhoneTests.xctest"
               BlueprintName = "EnduragentPhoneTests"
               ReferencedContainer = "container:Enduragent.xcodeproj">
            </BuildableReference>
         </TestableReference>
      </Testables>
      <CommandLineArguments>
      </CommandLineArguments>
      <EnvironmentVariables>
         <EnvironmentVariable
            key = "ENDURAGENT_CHOICES_FRESH"
            value = "$(ENDURAGENT_CHOICES_FRESH)"
            isEnabled = "YES">
         </EnvironmentVariable>
         <EnvironmentVariable
            key = "ENDURAGENT_CHOICES_MESSAGE"
            value = "$(ENDURAGENT_CHOICES_MESSAGE)"
            isEnabled = "YES">
         </EnvironmentVariable>
         <EnvironmentVariable
            key = "ENDURAGENT_CHOICES_MODEL"
            value = "$(ENDURAGENT_CHOICES_MODEL)"
            isEnabled = "YES">
         </EnvironmentVariable>
         <EnvironmentVariable
            key = "ENDURAGENT_PHONE_MESSAGE_BUDGET"
            value = "$(ENDURAGENT_PHONE_MESSAGE_BUDGET)"
            isEnabled = "YES">
         </EnvironmentVariable>
      </EnvironmentVariables>
   </TestAction>
   <LaunchAction
      buildConfiguration = "Debug"
      selectedDebuggerIdentifier = "Xcode.DebuggerFoundation.Debugger.LLDB"
      selectedLauncherIdentifier = "Xcode.DebuggerFoundation.Launcher.LLDB"
      launchStyle = "0"
      useCustomWorkingDirectory = "NO"
      ignoresPersistentStateOnLaunch = "NO"
      debugDocumentVersioning = "YES"
      debugServiceExtension = "internal"
      allowLocationSimulation = "YES">
      <BuildableProductRunnable
         runnableDebuggingMode = "0">
         <BuildableReference
            BuildableIdentifier = "primary"
            BlueprintIdentifier = "3A70BE77DB500E5467D856E4"
            BuildableName = "Enduragent.app"
            BlueprintName = "Enduragent"
            ReferencedContainer = "container:Enduragent.xcodeproj">
         </BuildableReference>
      </BuildableProductRunnable>
   </LaunchAction>
   <ProfileAction
      buildConfiguration = "Release"
      shouldUseLaunchSchemeArgsEnv = "YES"
      savedToolIdentifier = ""
      useCustomWorkingDirectory = "NO"
      debugDocumentVersioning = "YES">
      <BuildableProductRunnable
         runnableDebuggingMode = "0">
         <BuildableReference
            BuildableIdentifier = "primary"
            BlueprintIdentifier = "3A70BE77DB500E5467D856E4"
            BuildableName = "Enduragent.app"
            BlueprintName = "Enduragent"
            ReferencedContainer = "container:Enduragent.xcodeproj">
         </BuildableReference>
      </BuildableProductRunnable>
   </ProfileAction>
   <AnalyzeAction
      buildConfiguration = "Debug">
   </AnalyzeAction>
   <ArchiveAction
      buildConfiguration = "Release"
      revealArchiveInOrganizer = "YES">
   </ArchiveAction>
</Scheme>
