// !$*UTF8*$!
{
	archiveVersion = 1;
	classes = {
	};
	objectVersion = 77;
	objects = {

/* Begin PBXBuildFile section */
		28115121B0FED40730769B04 /* EnduragentCoach in Frameworks */ = {isa = PBXBuildFile; productRef = E957E38AABE221883FA39FAE /* EnduragentCoach */; };
		7422F3FF8076CCBF6185162B /* RecordSyncDebugView.swift in Sources */ = {isa = PBXBuildFile; fileRef = 697B22761847E6642DA9DE43 /* RecordSyncDebugView.swift */; };
		EBD71849F4A865CB7FF851AF /* EnduragentApp.swift in Sources */ = {isa = PBXBuildFile; fileRef = 33C05184A97F24A77692DE4E /* EnduragentApp.swift */; };
/* End PBXBuildFile section */

/* Begin PBXFileReference section */
		1041134C33C16BE411AFAA91 /* Enduragent.entitlements */ = {isa = PBXFileReference; lastKnownFileType = text.plist.entitlements; path = Enduragent.entitlements; sourceTree = "<group>"; };
		33C05184A97F24A77692DE4E /* EnduragentApp.swift */ = {isa = PBXFileReference; lastKnownFileType = sourcecode.swift; path = EnduragentApp.swift; sourceTree = "<group>"; };
		697B22761847E6642DA9DE43 /* RecordSyncDebugView.swift */ = {isa = PBXFileReference; lastKnownFileType = sourcecode.swift; path = RecordSyncDebugView.swift; sourceTree = "<group>"; };
		7D3959BCDD350AB804E93846 /* Enduragent.app */ = {isa = PBXFileReference; includeInIndex = 0; lastKnownFileType = wrapper.application; path = Enduragent.app; sourceTree = BUILT_PRODUCTS_DIR; };
		9FF96790E55864A7E928A05B /* EnduragentCoach */ = {isa = PBXFileReference; lastKnownFileType = folder; name = EnduragentCoach; path = Packages/EnduragentCoach; sourceTree = SOURCE_ROOT; };
/* End PBXFileReference section */

/* Begin PBXFrameworksBuildPhase section */
		B6E5FDE64A8B6FF457BB7CCF /* Frameworks */ = {
			isa = PBXFrameworksBuildPhase;
			buildActionMask = 2147483647;
			files = (
				28115121B0FED40730769B04 /* EnduragentCoach in Frameworks */,
			);
			runOnlyForDeploymentPostprocessing = 0;
		};
/* End PBXFrameworksBuildPhase section */

/* Begin PBXGroup section */
		3F67EEC5AF4FB01AFBD76F9D /* Enduragent */ = {
			isa = PBXGroup;
			children = (
				1041134C33C16BE411AFAA91 /* Enduragent.entitlements */,
				33C05184A97F24A77692DE4E /* EnduragentApp.swift */,
				697B22761847E6642DA9DE43 /* RecordSyncDebugView.swift */,
			);
			path = Enduragent;
			sourceTree = "<group>";
		};
		C11F1844D88709F68E343B94 /* Products */ = {
			isa = PBXGroup;
			children = (
				7D3959BCDD350AB804E93846 /* Enduragent.app */,
			);
			name = Products;
			sourceTree = "<group>";
		};
		D304B14B7C506A5F710C0F42 /* Packages */ = {
			isa = PBXGroup;
			children = (
				9FF96790E55864A7E928A05B /* EnduragentCoach */,
			);
			path = Packages;
			sourceTree = "<group>";
		};
		D8836E29D045C1D09384E704 = {
			isa = PBXGroup;
			children = (
				3F67EEC5AF4FB01AFBD76F9D /* Enduragent */,
				D304B14B7C506A5F710C0F42 /* Packages */,
				C11F1844D88709F68E343B94 /* Products */,
			);
			sourceTree = "<group>";
		};
/* End PBXGroup section */

/* Begin PBXNativeTarget section */
		3A70BE77DB500E5467D856E4 /* Enduragent */ = {
			isa = PBXNativeTarget;
			buildConfigurationList = DEE05A860252D10D7E8DA411 /* Build configuration list for PBXNativeTarget "Enduragent" */;
			buildPhases = (
				E4BDD9375B0FAA7F3F55155D /* Sources */,
				B6E5FDE64A8B6FF457BB7CCF /* Frameworks */,
			);
			buildRules = (
			);
			dependencies = (
			);
			name = Enduragent;
			packageProductDependencies = (
				E957E38AABE221883FA39FAE /* EnduragentCoach */,
			);
			productName = Enduragent;
			productReference = 7D3959BCDD350AB804E93846 /* Enduragent.app */;
			productType = "com.apple.product-type.application";
		};
/* End PBXNativeTarget section */

/* Begin PBXProject section */
		0EDD2A7254B92CE5818E5193 /* Project object */ = {
			isa = PBXProject;
			attributes = {
				BuildIndependentTargetsInParallel = YES;
				LastUpgradeCheck = 1430;
				TargetAttributes = {
					3A70BE77DB500E5467D856E4 = {
						DevelopmentTeam = "";
						ProvisioningStyle = Automatic;
					};
				};
			};
			buildConfigurationList = E15424E1DCF11BC7E1425489 /* Build configuration list for PBXProject "Enduragent" */;
			developmentRegion = en;
			hasScannedForEncodings = 0;
			knownRegions = (
				Base,
				en,
			);
			mainGroup = D8836E29D045C1D09384E704;
			minimizedProjectReferenceProxies = 1;
			packageReferences = (
				EBD482388D678E52A12B6965 /* XCLocalSwiftPackageReference "Packages/EnduragentCoach" */,
			);
			preferredProjectObjectVersion = 77;
			productRefGroup = C11F1844D88709F68E343B94 /* Products */;
			projectDirPath = "";
			projectRoot = "";
			targets = (
				3A70BE77DB500E5467D856E4 /* Enduragent */,
			);
		};
/* End PBXProject section */

/* Begin PBXSourcesBuildPhase section */
		E4BDD9375B0FAA7F3F55155D /* Sources */ = {
			isa = PBXSourcesBuildPhase;
			buildActionMask = 2147483647;
			files = (
				EBD71849F4A865CB7FF851AF /* EnduragentApp.swift in Sources */,
				7422F3FF8076CCBF6185162B /* RecordSyncDebugView.swift in Sources */,
			);
			runOnlyForDeploymentPostprocessing = 0;
		};
/* End PBXSourcesBuildPhase section */

/* Begin XCBuildConfiguration section */
		2309FEEFDEBCCC7644268E49 /* Debug */ = {
			isa = XCBuildConfiguration;
			buildSettings = {
				ALWAYS_SEARCH_USER_PATHS = NO;
				CLANG_ANALYZER_NONNULL = YES;
				CLANG_ANALYZER_NUMBER_OBJECT_CONVERSION = YES_AGGRESSIVE;
				CLANG_CXX_LANGUAGE_STANDARD = "gnu++14";
				CLANG_CXX_LIBRARY = "libc++";
				CLANG_ENABLE_MODULES = YES;
				CLANG_ENABLE_OBJC_ARC = YES;
				CLANG_ENABLE_OBJC_WEAK = YES;
				CLANG_WARN_BLOCK_CAPTURE_AUTORELEASING = YES;
				CLANG_WARN_BOOL_CONVERSION = YES;
				CLANG_WARN_COMMA = YES;
				CLANG_WARN_CONSTANT_CONVERSION = YES;
				CLANG_WARN_DEPRECATED_OBJC_IMPLEMENTATIONS = YES;
				CLANG_WARN_DIRECT_OBJC_ISA_USAGE = YES_ERROR;
				CLANG_WARN_DOCUMENTATION_COMMENTS = YES;
				CLANG_WARN_EMPTY_BODY = YES;
				CLANG_WARN_ENUM_CONVERSION = YES;
				CLANG_WARN_INFINITE_RECURSION = YES;
				CLANG_WARN_INT_CONVERSION = YES;
				CLANG_WARN_NON_LITERAL_NULL_CONVERSION = YES;
				CLANG_WARN_OBJC_IMPLICIT_RETAIN_SELF = YES;
				CLANG_WARN_OBJC_LITERAL_CONVERSION = YES;
				CLANG_WARN_OBJC_ROOT_CLASS = YES_ERROR;
				CLANG_WARN_QUOTED_INCLUDE_IN_FRAMEWORK_HEADER = YES;
				CLANG_WARN_RANGE_LOOP_ANALYSIS = YES;
				CLANG_WARN_STRICT_PROTOTYPES = YES;
				CLANG_WARN_SUSPICIOUS_MOVE = YES;
				CLANG_WARN_UNGUARDED_AVAILABILITY = YES_AGGRESSIVE;
				CLANG_WARN_UNREACHABLE_CODE = YES;
				CLANG_WARN__DUPLICATE_METHOD_MATCH = YES;
				CODE_SIGN_STYLE = Automatic;
				COPY_PHASE_STRIP = NO;
				DEBUG_INFORMATION_FORMAT = dwarf;
				DEVELOPMENT_TEAM = "";
				ENABLE_STRICT_OBJC_MSGSEND = YES;
				ENABLE_TESTABILITY = YES;
				GCC_C_LANGUAGE_STANDARD = gnu11;
				GCC_DYNAMIC_NO_PIC = NO;
				GCC_NO_COMMON_BLOCKS = YES;
				GCC_OPTIMIZATION_LEVEL = 0;
				GCC_PREPROCESSOR_DEFINITIONS = (
					"$(inherited)",
					"DEBUG=1",
				);
				GCC_WARN_64_TO_32_BIT_CONVERSION = YES;
				GCC_WARN_ABOUT_RETURN_TYPE = YES_ERROR;
				GCC_WARN_UNDECLARED_SELECTOR = YES;
				GCC_WARN_UNINITIALIZED_AUTOS = YES_AGGRESSIVE;
				GCC_WARN_UNUSED_FUNCTION = YES;
				GCC_WARN_UNUSED_VARIABLE = YES;
				IPHONEOS_DEPLOYMENT_TARGET = 26.0;
				MTL_ENABLE_DEBUG_INFO = INCLUDE_SOURCE;
				MTL_FAST_MATH = YES;
				ONLY_ACTIVE_ARCH = YES;
				PRODUCT_NAME = "$(TARGET_NAME)";
				SDKROOT = iphoneos;
				SWIFT_ACTIVE_COMPILATION_CONDITIONS = DEBUG;
				SWIFT_OPTIMIZATION_LEVEL = "-Onone";
				SWIFT_VERSION = 6.0;
			};
			name = Debug;
		};
		31F66B41134CCD6C5051B121 /* Release */ = {
			isa = XCBuildConfiguration;
			buildSettings = {
				ASSETCATALOG_COMPILER_APPICON_NAME = AppIcon;
				CODE_SIGN_ENTITLEMENTS = Enduragent/Enduragent.entitlements;
				CODE_SIGN_IDENTITY = "iPhone Developer";
				CODE_SIGN_STYLE = Automatic;
				CURRENT_PROJECT_VERSION = 1;
				DEVELOPMENT_TEAM = "";
				GENERATE_INFOPLIST_FILE = YES;
				INFOPLIST_KEY_CFBundleDisplayName = Enduragent;
				INFOPLIST_KEY_UILaunchScreen_Generation = YES;
				INFOPLIST_KEY_UISupportedInterfaceOrientations = UIInterfaceOrientationPortrait;
				IPHONEOS_DEPLOYMENT_TARGET = 26.0;
				LD_RUNPATH_SEARCH_PATHS = (
					"$(inherited)",
					"@executable_path/Frameworks",
				);
				MARKETING_VERSION = 1.0;
				PRODUCT_BUNDLE_IDENTIFIER = icu.enduragent.ios;
				PRODUCT_NAME = Enduragent;
				SDKROOT = iphoneos;
				SWIFT_VERSION = 6.0;
				TARGETED_DEVICE_FAMILY = 1;
			};
			name = Release;
		};
		6E35EA6B1851EB4F57FF1F90 /* Release */ = {
			isa = XCBuildConfiguration;
			buildSettings = {
				ALWAYS_SEARCH_USER_PATHS = NO;
				CLANG_ANALYZER_NONNULL = YES;
				CLANG_ANALYZER_NUMBER_OBJECT_CONVERSION = YES_AGGRESSIVE;
				CLANG_CXX_LANGUAGE_STANDARD = "gnu++14";
				CLANG_CXX_LIBRARY = "libc++";
				CLANG_ENABLE_MODULES = YES;
				CLANG_ENABLE_OBJC_ARC = YES;
				CLANG_ENABLE_OBJC_WEAK = YES;
				CLANG_WARN_BLOCK_CAPTURE_AUTORELEASING = YES;
				CLANG_WARN_BOOL_CONVERSION = YES;
				CLANG_WARN_COMMA = YES;
				CLANG_WARN_CONSTANT_CONVERSION = YES;
				CLANG_WARN_DEPRECATED_OBJC_IMPLEMENTATIONS = YES;
				CLANG_WARN_DIRECT_OBJC_ISA_USAGE = YES_ERROR;
				CLANG_WARN_DOCUMENTATION_COMMENTS = YES;
				CLANG_WARN_EMPTY_BODY = YES;
				CLANG_WARN_ENUM_CONVERSION = YES;
				CLANG_WARN_INFINITE_RECURSION = YES;
				CLANG_WARN_INT_CONVERSION = YES;
				CLANG_WARN_NON_LITERAL_NULL_CONVERSION = YES;
				CLANG_WARN_OBJC_IMPLICIT_RETAIN_SELF = YES;
				CLANG_WARN_OBJC_LITERAL_CONVERSION = YES;
				CLANG_WARN_OBJC_ROOT_CLASS = YES_ERROR;
				CLANG_WARN_QUOTED_INCLUDE_IN_FRAMEWORK_HEADER = YES;
				CLANG_WARN_RANGE_LOOP_ANALYSIS = YES;
				CLANG_WARN_STRICT_PROTOTYPES = YES;
				CLANG_WARN_SUSPICIOUS_MOVE = YES;
				CLANG_WARN_UNGUARDED_AVAILABILITY = YES_AGGRESSIVE;
				CLANG_WARN_UNREACHABLE_CODE = YES;
				CLANG_WARN__DUPLICATE_METHOD_MATCH = YES;
				CODE_SIGN_STYLE = Automatic;
				COPY_PHASE_STRIP = NO;
				DEBUG_INFORMATION_FORMAT = "dwarf-with-dsym";
				DEVELOPMENT_TEAM = "";
				ENABLE_NS_ASSERTIONS = NO;
				ENABLE_STRICT_OBJC_MSGSEND = YES;
				GCC_C_LANGUAGE_STANDARD = gnu11;
				GCC_NO_COMMON_BLOCKS = YES;
				GCC_WARN_64_TO_32_BIT_CONVERSION = YES;
				GCC_WARN_ABOUT_RETURN_TYPE = YES_ERROR;
				GCC_WARN_UNDECLARED_SELECTOR = YES;
				GCC_WARN_UNINITIALIZED_AUTOS = YES_AGGRESSIVE;
				GCC_WARN_UNUSED_FUNCTION = YES;
				GCC_WARN_UNUSED_VARIABLE = YES;
				IPHONEOS_DEPLOYMENT_TARGET = 26.0;
				MTL_ENABLE_DEBUG_INFO = NO;
				MTL_FAST_MATH = YES;
				PRODUCT_NAME = "$(TARGET_NAME)";
				SDKROOT = iphoneos;
				SWIFT_COMPILATION_MODE = wholemodule;
				SWIFT_OPTIMIZATION_LEVEL = "-O";
				SWIFT_VERSION = 6.0;
			};
			name = Release;
		};
		F113330DFB359F104B746C45 /* Debug */ = {
			isa = XCBuildConfiguration;
			buildSettings = {
				ASSETCATALOG_COMPILER_APPICON_NAME = AppIcon;
				CODE_SIGN_ENTITLEMENTS = Enduragent/Enduragent.entitlements;
				CODE_SIGN_IDENTITY = "iPhone Developer";
				CODE_SIGN_STYLE = Automatic;
				CURRENT_PROJECT_VERSION = 1;
				DEVELOPMENT_TEAM = "";
				GENERATE_INFOPLIST_FILE = YES;
				INFOPLIST_KEY_CFBundleDisplayName = Enduragent;
				INFOPLIST_KEY_UILaunchScreen_Generation = YES;
				INFOPLIST_KEY_UISupportedInterfaceOrientations = UIInterfaceOrientationPortrait;
				IPHONEOS_DEPLOYMENT_TARGET = 26.0;
				LD_RUNPATH_SEARCH_PATHS = (
					"$(inherited)",
					"@executable_path/Frameworks",
				);
				MARKETING_VERSION = 1.0;
				PRODUCT_BUNDLE_IDENTIFIER = icu.enduragent.ios;
				PRODUCT_NAME = Enduragent;
				SDKROOT = iphoneos;
				SWIFT_VERSION = 6.0;
				TARGETED_DEVICE_FAMILY = 1;
			};
			name = Debug;
		};
/* End XCBuildConfiguration section */

/* Begin XCConfigurationList section */
		DEE05A860252D10D7E8DA411 /* Build configuration list for PBXNativeTarget "Enduragent" */ = {
			isa = XCConfigurationList;
			buildConfigurations = (
				F113330DFB359F104B746C45 /* Debug */,
				31F66B41134CCD6C5051B121 /* Release */,
			);
			defaultConfigurationIsVisible = 0;
			defaultConfigurationName = Debug;
		};
		E15424E1DCF11BC7E1425489 /* Build configuration list for PBXProject "Enduragent" */ = {
			isa = XCConfigurationList;
			buildConfigurations = (
				2309FEEFDEBCCC7644268E49 /* Debug */,
				6E35EA6B1851EB4F57FF1F90 /* Release */,
			);
			defaultConfigurationIsVisible = 0;
			defaultConfigurationName = Debug;
		};
/* End XCConfigurationList section */

/* Begin XCLocalSwiftPackageReference section */
		EBD482388D678E52A12B6965 /* XCLocalSwiftPackageReference "Packages/EnduragentCoach" */ = {
			isa = XCLocalSwiftPackageReference;
			relativePath = Packages/EnduragentCoach;
		};
/* End XCLocalSwiftPackageReference section */

/* Begin XCSwiftPackageProductDependency section */
		E957E38AABE221883FA39FAE /* EnduragentCoach */ = {
			isa = XCSwiftPackageProductDependency;
			productName = EnduragentCoach;
		};
/* End XCSwiftPackageProductDependency section */
	};
	rootObject = 0EDD2A7254B92CE5818E5193 /* Project object */;
}
