// !$*UTF8*$!
{
	archiveVersion = 1;
	classes = {
	};
	objectVersion = 77;
	objects = {

/* Begin PBXBuildFile section */
		01923B5B5D5B72D700FAD381 /* CreditsDebugView.swift in Sources */ = {isa = PBXBuildFile; fileRef = 94EF9C03C3B9907D8C04BA5D /* CreditsDebugView.swift */; };
		0B6480D4419A1990AFFD6D8A /* TurnProofs.swift in Sources */ = {isa = PBXBuildFile; fileRef = 61EDBD2FC7981BF083B8C3E4 /* TurnProofs.swift */; };
		23BA97B185E8F0CA4A991324 /* ConfirmedPreviewCard.swift in Sources */ = {isa = PBXBuildFile; fileRef = B2BFC46DAB3C2B1821D44A57 /* ConfirmedPreviewCard.swift */; };
		27BF6610E2121427ED6213CE /* HistoryView.swift in Sources */ = {isa = PBXBuildFile; fileRef = 50B2C847A0D50A46F6E7AA6A /* HistoryView.swift */; };
		28115121B0FED40730769B04 /* EnduragentCoach in Frameworks */ = {isa = PBXBuildFile; productRef = E957E38AABE221883FA39FAE /* EnduragentCoach */; };
		2A2CDA75AEF898C2593A8DF7 /* FixtureChatTests.swift in Sources */ = {isa = PBXBuildFile; fileRef = CA5D53376E7ADD5F2A653595 /* FixtureChatTests.swift */; };
		30D1217FDEE03BDDC51541DB /* AppServices.swift in Sources */ = {isa = PBXBuildFile; fileRef = 490EB5C3EA005CDE6D16CB16 /* AppServices.swift */; };
		31FC58FD86B7D517B35D8B51 /* DraftStore.swift in Sources */ = {isa = PBXBuildFile; fileRef = DBC3D69BF41EBC1391AE924D /* DraftStore.swift */; };
		33656175197B5D6BEBD8F82E /* StoreKitPurchaseCoordinator.swift in Sources */ = {isa = PBXBuildFile; fileRef = 9A01881C067E5015D548E353 /* StoreKitPurchaseCoordinator.swift */; };
		3770B936C14C45953BB0BCF6 /* CreditsView.swift in Sources */ = {isa = PBXBuildFile; fileRef = E71DA5CFEA7DE78161D632B2 /* CreditsView.swift */; };
		3DDB9A3AE6D9264D6AA313EA /* SlashListTests.swift in Sources */ = {isa = PBXBuildFile; fileRef = BEA0399B8EE30AFDF2D4D3BB /* SlashListTests.swift */; };
		499C535943F44E7FCBA7318A /* FixtureLaunchTests.swift in Sources */ = {isa = PBXBuildFile; fileRef = 7B5881D56CA03A256167C15F /* FixtureLaunchTests.swift */; };
		5030EC98960DE14FB9688525 /* TranscriptView.swift in Sources */ = {isa = PBXBuildFile; fileRef = 20BFB776A369E9C4E27001B2 /* TranscriptView.swift */; };
		6635CCEF056BD1CAD87E075D /* FixtureClock.swift in Sources */ = {isa = PBXBuildFile; fileRef = 0B51C0FB7523F97C0604B17D /* FixtureClock.swift */; };
		6A7D5F727985CD17A6E911B8 /* FixtureLaunch.swift in Sources */ = {isa = PBXBuildFile; fileRef = 693C14D44F213C3559B276D0 /* FixtureLaunch.swift */; };
		6FBFFEBC9CDCAD2E9AFCDE9A /* TutorialHarness.swift in Sources */ = {isa = PBXBuildFile; fileRef = 5502A456F209EE30186C41C0 /* TutorialHarness.swift */; };
		7422F3FF8076CCBF6185162B /* RecordSyncDebugView.swift in Sources */ = {isa = PBXBuildFile; fileRef = 697B22761847E6642DA9DE43 /* RecordSyncDebugView.swift */; };
		75B6936C93B9BF6207DBE14B /* ComposerView.swift in Sources */ = {isa = PBXBuildFile; fileRef = A3AACD11ECD033AD6D4D3192 /* ComposerView.swift */; };
		7813FE3DEFFD01EB6F4F6D39 /* ChatView.swift in Sources */ = {isa = PBXBuildFile; fileRef = 84FFE0F37052EAEFF6684E41 /* ChatView.swift */; };
		89DDCBC01432531E47482E41 /* ChatSummary.swift in Sources */ = {isa = PBXBuildFile; fileRef = 1AF577CCD5213CEE1A3F7625 /* ChatSummary.swift */; };
		8DB4BEAAE94936E8D48FB79D /* SlashListView.swift in Sources */ = {isa = PBXBuildFile; fileRef = 05DE1643D8AAF084B95462CB /* SlashListView.swift */; };
		9338CBBEA702D310B6381607 /* FailureProofs.swift in Sources */ = {isa = PBXBuildFile; fileRef = 8D67C5124B3375A468FB7488 /* FailureProofs.swift */; };
		A21777AC90999E3C3E31D49A /* ShellModel.swift in Sources */ = {isa = PBXBuildFile; fileRef = 30DA796E304FA8860C541078 /* ShellModel.swift */; };
		A5BDC822FBE199CA79733EFD /* Assets.xcassets in Resources */ = {isa = PBXBuildFile; fileRef = 9E410F19BC06DE08527699D1 /* Assets.xcassets */; };
		AEF0742DDDDD3FD9DDCE07E2 /* RootView.swift in Sources */ = {isa = PBXBuildFile; fileRef = 9C001D5C325DA3FC53ECF139 /* RootView.swift */; };
		AF535F31B2177447D1C00D56 /* SidebarView.swift in Sources */ = {isa = PBXBuildFile; fileRef = EFE5043C9095F3E5521623E3 /* SidebarView.swift */; };
		BA0900D87796BFA9E7546569 /* FirstWeekFixture.swift in Sources */ = {isa = PBXBuildFile; fileRef = 5C9AD6D4A41F678BB81C9BBB /* FirstWeekFixture.swift */; };
		BBB6B0000B1C48D6C8FEE78E /* ChatIndex.swift in Sources */ = {isa = PBXBuildFile; fileRef = 2BB34221AE8B0EB8B664B7BE /* ChatIndex.swift */; };
		C1581048028E54850D1ECDE7 /* FixtureDirector.swift in Sources */ = {isa = PBXBuildFile; fileRef = 9D8D3A3B2A059733579AEDA6 /* FixtureDirector.swift */; };
		C97AC1EF5C858E7B5CBD5738 /* TurnRowView.swift in Sources */ = {isa = PBXBuildFile; fileRef = D6932D7AAEE51A2B4AD64EA7 /* TurnRowView.swift */; };
		CCB3E03617B218C658E5A729 /* NoticeView.swift in Sources */ = {isa = PBXBuildFile; fileRef = AC4D837BF9883269DAD6C615 /* NoticeView.swift */; };
		CED72381387A7FA14EFCA529 /* FixtureFailureTests.swift in Sources */ = {isa = PBXBuildFile; fileRef = F4ABCE2F18CBD408A1E72974 /* FixtureFailureTests.swift */; };
		D74E3051E2D7865B708A229E /* TutorialProofs.swift in Sources */ = {isa = PBXBuildFile; fileRef = 648BA3E877BA7913B5A5C2A3 /* TutorialProofs.swift */; };
		DD224F1891F710F94D738395 /* ConnectView.swift in Sources */ = {isa = PBXBuildFile; fileRef = 30D10C84C333E7498713547A /* ConnectView.swift */; };
		E58F3BAF0D130742B75F56CE /* StarterView.swift in Sources */ = {isa = PBXBuildFile; fileRef = 28CB01ECD4F0385933736762 /* StarterView.swift */; };
		E7A6ED777F9856DCAAEFBB3C /* DeviceCheckTokenProvider.swift in Sources */ = {isa = PBXBuildFile; fileRef = E4BE483F497AFE52971CFA38 /* DeviceCheckTokenProvider.swift */; };
		EBD71849F4A865CB7FF851AF /* EnduragentApp.swift in Sources */ = {isa = PBXBuildFile; fileRef = 33C05184A97F24A77692DE4E /* EnduragentApp.swift */; };
		F58B25BCD97459A9F7D629DD /* FixtureBlockingURLProtocol.swift in Sources */ = {isa = PBXBuildFile; fileRef = E94510F7D13924B5C4E0FFA6 /* FixtureBlockingURLProtocol.swift */; };
/* End PBXBuildFile section */

/* Begin PBXContainerItemProxy section */
		E4E743D9B2EB08E044426BB0 /* PBXContainerItemProxy */ = {
			isa = PBXContainerItemProxy;
			containerPortal = 0EDD2A7254B92CE5818E5193 /* Project object */;
			proxyType = 1;
			remoteGlobalIDString = 3A70BE77DB500E5467D856E4;
			remoteInfo = Enduragent;
		};
		F01D784EFEB6E05922C873E1 /* PBXContainerItemProxy */ = {
			isa = PBXContainerItemProxy;
			containerPortal = 0EDD2A7254B92CE5818E5193 /* Project object */;
			proxyType = 1;
			remoteGlobalIDString = 3A70BE77DB500E5467D856E4;
			remoteInfo = Enduragent;
		};
/* End PBXContainerItemProxy section */

/* Begin PBXFileReference section */
		05DE1643D8AAF084B95462CB /* SlashListView.swift */ = {isa = PBXFileReference; lastKnownFileType = sourcecode.swift; path = SlashListView.swift; sourceTree = "<group>"; };
		0B51C0FB7523F97C0604B17D /* FixtureClock.swift */ = {isa = PBXFileReference; lastKnownFileType = sourcecode.swift; path = FixtureClock.swift; sourceTree = "<group>"; };
		1041134C33C16BE411AFAA91 /* Enduragent.entitlements */ = {isa = PBXFileReference; lastKnownFileType = text.plist.entitlements; path = Enduragent.entitlements; sourceTree = "<group>"; };
		1AF577CCD5213CEE1A3F7625 /* ChatSummary.swift */ = {isa = PBXFileReference; lastKnownFileType = sourcecode.swift; path = ChatSummary.swift; sourceTree = "<group>"; };
		20BFB776A369E9C4E27001B2 /* TranscriptView.swift */ = {isa = PBXFileReference; lastKnownFileType = sourcecode.swift; path = TranscriptView.swift; sourceTree = "<group>"; };
		28CB01ECD4F0385933736762 /* StarterView.swift */ = {isa = PBXFileReference; lastKnownFileType = sourcecode.swift; path = StarterView.swift; sourceTree = "<group>"; };
		2BB34221AE8B0EB8B664B7BE /* ChatIndex.swift */ = {isa = PBXFileReference; lastKnownFileType = sourcecode.swift; path = ChatIndex.swift; sourceTree = "<group>"; };
		30D10C84C333E7498713547A /* ConnectView.swift */ = {isa = PBXFileReference; lastKnownFileType = sourcecode.swift; path = ConnectView.swift; sourceTree = "<group>"; };
		30DA796E304FA8860C541078 /* ShellModel.swift */ = {isa = PBXFileReference; lastKnownFileType = sourcecode.swift; path = ShellModel.swift; sourceTree = "<group>"; };
		33C05184A97F24A77692DE4E /* EnduragentApp.swift */ = {isa = PBXFileReference; lastKnownFileType = sourcecode.swift; path = EnduragentApp.swift; sourceTree = "<group>"; };
		490EB5C3EA005CDE6D16CB16 /* AppServices.swift */ = {isa = PBXFileReference; lastKnownFileType = sourcecode.swift; path = AppServices.swift; sourceTree = "<group>"; };
		50B2C847A0D50A46F6E7AA6A /* HistoryView.swift */ = {isa = PBXFileReference; lastKnownFileType = sourcecode.swift; path = HistoryView.swift; sourceTree = "<group>"; };
		5502A456F209EE30186C41C0 /* TutorialHarness.swift */ = {isa = PBXFileReference; lastKnownFileType = sourcecode.swift; path = TutorialHarness.swift; sourceTree = "<group>"; };
		5C9AD6D4A41F678BB81C9BBB /* FirstWeekFixture.swift */ = {isa = PBXFileReference; lastKnownFileType = sourcecode.swift; path = FirstWeekFixture.swift; sourceTree = "<group>"; };
		616327945A67A8217D98FC35 /* EnduragentUITests.xctest */ = {isa = PBXFileReference; includeInIndex = 0; lastKnownFileType = wrapper.cfbundle; path = EnduragentUITests.xctest; sourceTree = BUILT_PRODUCTS_DIR; };
		61EDBD2FC7981BF083B8C3E4 /* TurnProofs.swift */ = {isa = PBXFileReference; lastKnownFileType = sourcecode.swift; path = TurnProofs.swift; sourceTree = "<group>"; };
		648BA3E877BA7913B5A5C2A3 /* TutorialProofs.swift */ = {isa = PBXFileReference; lastKnownFileType = sourcecode.swift; path = TutorialProofs.swift; sourceTree = "<group>"; };
		693C14D44F213C3559B276D0 /* FixtureLaunch.swift */ = {isa = PBXFileReference; lastKnownFileType = sourcecode.swift; path = FixtureLaunch.swift; sourceTree = "<group>"; };
		697B22761847E6642DA9DE43 /* RecordSyncDebugView.swift */ = {isa = PBXFileReference; lastKnownFileType = sourcecode.swift; path = RecordSyncDebugView.swift; sourceTree = "<group>"; };
		7B5881D56CA03A256167C15F /* FixtureLaunchTests.swift */ = {isa = PBXFileReference; lastKnownFileType = sourcecode.swift; path = FixtureLaunchTests.swift; sourceTree = "<group>"; };
		7D3959BCDD350AB804E93846 /* Enduragent.app */ = {isa = PBXFileReference; includeInIndex = 0; lastKnownFileType = wrapper.application; path = Enduragent.app; sourceTree = BUILT_PRODUCTS_DIR; };
		84FFE0F37052EAEFF6684E41 /* ChatView.swift */ = {isa = PBXFileReference; lastKnownFileType = sourcecode.swift; path = ChatView.swift; sourceTree = "<group>"; };
		8D67C5124B3375A468FB7488 /* FailureProofs.swift */ = {isa = PBXFileReference; lastKnownFileType = sourcecode.swift; path = FailureProofs.swift; sourceTree = "<group>"; };
		94EF9C03C3B9907D8C04BA5D /* CreditsDebugView.swift */ = {isa = PBXFileReference; lastKnownFileType = sourcecode.swift; path = CreditsDebugView.swift; sourceTree = "<group>"; };
		9A01881C067E5015D548E353 /* StoreKitPurchaseCoordinator.swift */ = {isa = PBXFileReference; lastKnownFileType = sourcecode.swift; path = StoreKitPurchaseCoordinator.swift; sourceTree = "<group>"; };
		9C001D5C325DA3FC53ECF139 /* RootView.swift */ = {isa = PBXFileReference; lastKnownFileType = sourcecode.swift; path = RootView.swift; sourceTree = "<group>"; };
		9D8D3A3B2A059733579AEDA6 /* FixtureDirector.swift */ = {isa = PBXFileReference; lastKnownFileType = sourcecode.swift; path = FixtureDirector.swift; sourceTree = "<group>"; };
		9E410F19BC06DE08527699D1 /* Assets.xcassets */ = {isa = PBXFileReference; lastKnownFileType = folder.assetcatalog; path = Assets.xcassets; sourceTree = "<group>"; };
		9FF96790E55864A7E928A05B /* EnduragentCoach */ = {isa = PBXFileReference; lastKnownFileType = folder; name = EnduragentCoach; path = Packages/EnduragentCoach; sourceTree = SOURCE_ROOT; };
		A3AACD11ECD033AD6D4D3192 /* ComposerView.swift */ = {isa = PBXFileReference; lastKnownFileType = sourcecode.swift; path = ComposerView.swift; sourceTree = "<group>"; };
		A608FF4CC7189E50D0C53424 /* EnduragentTests.xctest */ = {isa = PBXFileReference; includeInIndex = 0; lastKnownFileType = wrapper.cfbundle; path = EnduragentTests.xctest; sourceTree = BUILT_PRODUCTS_DIR; };
		AC4D837BF9883269DAD6C615 /* NoticeView.swift */ = {isa = PBXFileReference; lastKnownFileType = sourcecode.swift; path = NoticeView.swift; sourceTree = "<group>"; };
		B2BFC46DAB3C2B1821D44A57 /* ConfirmedPreviewCard.swift */ = {isa = PBXFileReference; lastKnownFileType = sourcecode.swift; path = ConfirmedPreviewCard.swift; sourceTree = "<group>"; };
		BEA0399B8EE30AFDF2D4D3BB /* SlashListTests.swift */ = {isa = PBXFileReference; lastKnownFileType = sourcecode.swift; path = SlashListTests.swift; sourceTree = "<group>"; };
		CA5D53376E7ADD5F2A653595 /* FixtureChatTests.swift */ = {isa = PBXFileReference; lastKnownFileType = sourcecode.swift; path = FixtureChatTests.swift; sourceTree = "<group>"; };
		D6932D7AAEE51A2B4AD64EA7 /* TurnRowView.swift */ = {isa = PBXFileReference; lastKnownFileType = sourcecode.swift; path = TurnRowView.swift; sourceTree = "<group>"; };
		DBC3D69BF41EBC1391AE924D /* DraftStore.swift */ = {isa = PBXFileReference; lastKnownFileType = sourcecode.swift; path = DraftStore.swift; sourceTree = "<group>"; };
		E4BE483F497AFE52971CFA38 /* DeviceCheckTokenProvider.swift */ = {isa = PBXFileReference; lastKnownFileType = sourcecode.swift; path = DeviceCheckTokenProvider.swift; sourceTree = "<group>"; };
		E71DA5CFEA7DE78161D632B2 /* CreditsView.swift */ = {isa = PBXFileReference; lastKnownFileType = sourcecode.swift; path = CreditsView.swift; sourceTree = "<group>"; };
		E94510F7D13924B5C4E0FFA6 /* FixtureBlockingURLProtocol.swift */ = {isa = PBXFileReference; lastKnownFileType = sourcecode.swift; path = FixtureBlockingURLProtocol.swift; sourceTree = "<group>"; };
		EFE5043C9095F3E5521623E3 /* SidebarView.swift */ = {isa = PBXFileReference; lastKnownFileType = sourcecode.swift; path = SidebarView.swift; sourceTree = "<group>"; };
		F4ABCE2F18CBD408A1E72974 /* FixtureFailureTests.swift */ = {isa = PBXFileReference; lastKnownFileType = sourcecode.swift; path = FixtureFailureTests.swift; sourceTree = "<group>"; };
/* End PBXFileReference section */

/* Begin PBXFrameworksBuildPhase section */
		B6E5FDE64A8B6FF457BB7CCF /* Frameworks */ = {
			isa = PBXFrameworksBuildPhase;
			buildActionMask = 2147483647;
			files = (
				28115121B0FED40730769B04 /* EnduragentCoach in Frameworks */,
			);
			runOnlyForDeploymentPostprocessing = 0;
		};
/* End PBXFrameworksBuildPhase section */

/* Begin PBXGroup section */
		259BE4845D6A7C1D6F525B24 /* EnduragentTests */ = {
			isa = PBXGroup;
			children = (
				CA5D53376E7ADD5F2A653595 /* FixtureChatTests.swift */,
				F4ABCE2F18CBD408A1E72974 /* FixtureFailureTests.swift */,
				7B5881D56CA03A256167C15F /* FixtureLaunchTests.swift */,
				BEA0399B8EE30AFDF2D4D3BB /* SlashListTests.swift */,
			);
			path = EnduragentTests;
			sourceTree = "<group>";
		};
		3F67EEC5AF4FB01AFBD76F9D /* Enduragent */ = {
			isa = PBXGroup;
			children = (
				9E410F19BC06DE08527699D1 /* Assets.xcassets */,
				1041134C33C16BE411AFAA91 /* Enduragent.entitlements */,
				33C05184A97F24A77692DE4E /* EnduragentApp.swift */,
				697B22761847E6642DA9DE43 /* RecordSyncDebugView.swift */,
				7EEB7B33938357DD088A8EED /* App */,
				50455CA901023C7102832213 /* Chat */,
				74A786EE528AFAF332958B55 /* Credits */,
				703E49E2EB6BD9FB3D9D2DA8 /* Fixtures */,
				85E6618BF355D082906017F2 /* History */,
				D28C4514B54892926933C74C /* Onboarding */,
				C8004B33A856E2C62F13F105 /* Sidebar */,
			);
			path = Enduragent;
			sourceTree = "<group>";
		};
		42334581947FD6D94CC5C0AA /* EnduragentUITests */ = {
			isa = PBXGroup;
			children = (
				8D67C5124B3375A468FB7488 /* FailureProofs.swift */,
				61EDBD2FC7981BF083B8C3E4 /* TurnProofs.swift */,
				5502A456F209EE30186C41C0 /* TutorialHarness.swift */,
				648BA3E877BA7913B5A5C2A3 /* TutorialProofs.swift */,
			);
			path = EnduragentUITests;
			sourceTree = "<group>";
		};
		50455CA901023C7102832213 /* Chat */ = {
			isa = PBXGroup;
			children = (
				84FFE0F37052EAEFF6684E41 /* ChatView.swift */,
				A3AACD11ECD033AD6D4D3192 /* ComposerView.swift */,
				B2BFC46DAB3C2B1821D44A57 /* ConfirmedPreviewCard.swift */,
				05DE1643D8AAF084B95462CB /* SlashListView.swift */,
				20BFB776A369E9C4E27001B2 /* TranscriptView.swift */,
				D6932D7AAEE51A2B4AD64EA7 /* TurnRowView.swift */,
			);
			path = Chat;
			sourceTree = "<group>";
		};
		703E49E2EB6BD9FB3D9D2DA8 /* Fixtures */ = {
			isa = PBXGroup;
			children = (
				5C9AD6D4A41F678BB81C9BBB /* FirstWeekFixture.swift */,
				0B51C0FB7523F97C0604B17D /* FixtureClock.swift */,
				9D8D3A3B2A059733579AEDA6 /* FixtureDirector.swift */,
				693C14D44F213C3559B276D0 /* FixtureLaunch.swift */,
			);
			path = Fixtures;
			sourceTree = "<group>";
		};
		74A786EE528AFAF332958B55 /* Credits */ = {
			isa = PBXGroup;
			children = (
				94EF9C03C3B9907D8C04BA5D /* CreditsDebugView.swift */,
				E71DA5CFEA7DE78161D632B2 /* CreditsView.swift */,
				E4BE483F497AFE52971CFA38 /* DeviceCheckTokenProvider.swift */,
				9A01881C067E5015D548E353 /* StoreKitPurchaseCoordinator.swift */,
			);
			path = Credits;
			sourceTree = "<group>";
		};
		7EEB7B33938357DD088A8EED /* App */ = {
			isa = PBXGroup;
			children = (
				490EB5C3EA005CDE6D16CB16 /* AppServices.swift */,
				2BB34221AE8B0EB8B664B7BE /* ChatIndex.swift */,
				DBC3D69BF41EBC1391AE924D /* DraftStore.swift */,
				E94510F7D13924B5C4E0FFA6 /* FixtureBlockingURLProtocol.swift */,
				9C001D5C325DA3FC53ECF139 /* RootView.swift */,
				30DA796E304FA8860C541078 /* ShellModel.swift */,
			);
			path = App;
			sourceTree = "<group>";
		};
		85E6618BF355D082906017F2 /* History */ = {
			isa = PBXGroup;
			children = (
				1AF577CCD5213CEE1A3F7625 /* ChatSummary.swift */,
				50B2C847A0D50A46F6E7AA6A /* HistoryView.swift */,
			);
			path = History;
			sourceTree = "<group>";
		};
		C11F1844D88709F68E343B94 /* Products */ = {
			isa = PBXGroup;
			children = (
				7D3959BCDD350AB804E93846 /* Enduragent.app */,
				A608FF4CC7189E50D0C53424 /* EnduragentTests.xctest */,
				616327945A67A8217D98FC35 /* EnduragentUITests.xctest */,
			);
			name = Products;
			sourceTree = "<group>";
		};
		C8004B33A856E2C62F13F105 /* Sidebar */ = {
			isa = PBXGroup;
			children = (
				EFE5043C9095F3E5521623E3 /* SidebarView.swift */,
			);
			path = Sidebar;
			sourceTree = "<group>";
		};
		D28C4514B54892926933C74C /* Onboarding */ = {
			isa = PBXGroup;
			children = (
				30D10C84C333E7498713547A /* ConnectView.swift */,
				AC4D837BF9883269DAD6C615 /* NoticeView.swift */,
				28CB01ECD4F0385933736762 /* StarterView.swift */,
			);
			path = Onboarding;
			sourceTree = "<group>";
		};
		D304B14B7C506A5F710C0F42 /* Packages */ = {
			isa = PBXGroup;
			children = (
				9FF96790E55864A7E928A05B /* EnduragentCoach */,
			);
			path = Packages;
			sourceTree = "<group>";
		};
		D8836E29D045C1D09384E704 = {
			isa = PBXGroup;
			children = (
				3F67EEC5AF4FB01AFBD76F9D /* Enduragent */,
				259BE4845D6A7C1D6F525B24 /* EnduragentTests */,
				42334581947FD6D94CC5C0AA /* EnduragentUITests */,
				D304B14B7C506A5F710C0F42 /* Packages */,
				C11F1844D88709F68E343B94 /* Products */,
			);
			sourceTree = "<group>";
		};
/* End PBXGroup section */

/* Begin PBXNativeTarget section */
		3A70BE77DB500E5467D856E4 /* Enduragent */ = {
			isa = PBXNativeTarget;
			buildConfigurationList = DEE05A860252D10D7E8DA411 /* Build configuration list for PBXNativeTarget "Enduragent" */;
			buildPhases = (
				E4BDD9375B0FAA7F3F55155D /* Sources */,
				2277D31433157FBBA2FDC40F /* Resources */,
				B6E5FDE64A8B6FF457BB7CCF /* Frameworks */,
			);
			buildRules = (
			);
			dependencies = (
			);
			name = Enduragent;
			packageProductDependencies = (
				E957E38AABE221883FA39FAE /* EnduragentCoach */,
			);
			productName = Enduragent;
			productReference = 7D3959BCDD350AB804E93846 /* Enduragent.app */;
			productType = "com.apple.product-type.application";
		};
		53A22E07108A077911497F80 /* EnduragentTests */ = {
			isa = PBXNativeTarget;
			buildConfigurationList = 61EFC994C353EA2D0FDA85B5 /* Build configuration list for PBXNativeTarget "EnduragentTests" */;
			buildPhases = (
				CA602934C4D50F7C9176500D /* Sources */,
			);
			buildRules = (
			);
			dependencies = (
				92D212D654ACAA4253CE6152 /* PBXTargetDependency */,
			);
			name = EnduragentTests;
			packageProductDependencies = (
			);
			productName = EnduragentTests;
			productReference = A608FF4CC7189E50D0C53424 /* EnduragentTests.xctest */;
			productType = "com.apple.product-type.bundle.unit-test";
		};
		C78D0FB1309FE995BDE1FB5C /* EnduragentUITests */ = {
			isa = PBXNativeTarget;
			buildConfigurationList = FCBFF68A8F1D84AC6548BAB9 /* Build configuration list for PBXNativeTarget "EnduragentUITests" */;
			buildPhases = (
				650CAFFCFFA4B8FCF5960196 /* Sources */,
			);
			buildRules = (
			);
			dependencies = (
				CE876FF69565A3B3B67500D0 /* PBXTargetDependency */,
			);
			name = EnduragentUITests;
			packageProductDependencies = (
			);
			productName = EnduragentUITests;
			productReference = 616327945A67A8217D98FC35 /* EnduragentUITests.xctest */;
			productType = "com.apple.product-type.bundle.ui-testing";
		};
/* End PBXNativeTarget section */

/* Begin PBXProject section */
		0EDD2A7254B92CE5818E5193 /* Project object */ = {
			isa = PBXProject;
			attributes = {
				BuildIndependentTargetsInParallel = YES;
				LastUpgradeCheck = 1430;
				TargetAttributes = {
					3A70BE77DB500E5467D856E4 = {
						DevelopmentTeam = FA494ACVTF;
						ProvisioningStyle = Automatic;
					};
					53A22E07108A077911497F80 = {
						DevelopmentTeam = FA494ACVTF;
						ProvisioningStyle = Automatic;
					};
					C78D0FB1309FE995BDE1FB5C = {
						DevelopmentTeam = FA494ACVTF;
						ProvisioningStyle = Automatic;
						TestTargetID = 3A70BE77DB500E5467D856E4;
					};
				};
			};
			buildConfigurationList = E15424E1DCF11BC7E1425489 /* Build configuration list for PBXProject "Enduragent" */;
			developmentRegion = en;
			hasScannedForEncodings = 0;
			knownRegions = (
				Base,
				en,
			);
			mainGroup = D8836E29D045C1D09384E704;
			minimizedProjectReferenceProxies = 1;
			packageReferences = (
				EBD482388D678E52A12B6965 /* XCLocalSwiftPackageReference "Packages/EnduragentCoach" */,
			);
			preferredProjectObjectVersion = 77;
			productRefGroup = C11F1844D88709F68E343B94 /* Products */;
			projectDirPath = "";
			projectRoot = "";
			targets = (
				3A70BE77DB500E5467D856E4 /* Enduragent */,
				53A22E07108A077911497F80 /* EnduragentTests */,
				C78D0FB1309FE995BDE1FB5C /* EnduragentUITests */,
			);
		};
/* End PBXProject section */

/* Begin PBXResourcesBuildPhase section */
		2277D31433157FBBA2FDC40F /* Resources */ = {
			isa = PBXResourcesBuildPhase;
			buildActionMask = 2147483647;
			files = (
				A5BDC822FBE199CA79733EFD /* Assets.xcassets in Resources */,
			);
			runOnlyForDeploymentPostprocessing = 0;
		};
/* End PBXResourcesBuildPhase section */

/* Begin PBXSourcesBuildPhase section */
		650CAFFCFFA4B8FCF5960196 /* Sources */ = {
			isa = PBXSourcesBuildPhase;
			buildActionMask = 2147483647;
			files = (
				9338CBBEA702D310B6381607 /* FailureProofs.swift in Sources */,
				0B6480D4419A1990AFFD6D8A /* TurnProofs.swift in Sources */,
				6FBFFEBC9CDCAD2E9AFCDE9A /* TutorialHarness.swift in Sources */,
				D74E3051E2D7865B708A229E /* TutorialProofs.swift in Sources */,
			);
			runOnlyForDeploymentPostprocessing = 0;
		};
		CA602934C4D50F7C9176500D /* Sources */ = {
			isa = PBXSourcesBuildPhase;
			buildActionMask = 2147483647;
			files = (
				2A2CDA75AEF898C2593A8DF7 /* FixtureChatTests.swift in Sources */,
				CED72381387A7FA14EFCA529 /* FixtureFailureTests.swift in Sources */,
				499C535943F44E7FCBA7318A /* FixtureLaunchTests.swift in Sources */,
				3DDB9A3AE6D9264D6AA313EA /* SlashListTests.swift in Sources */,
			);
			runOnlyForDeploymentPostprocessing = 0;
		};
		E4BDD9375B0FAA7F3F55155D /* Sources */ = {
			isa = PBXSourcesBuildPhase;
			buildActionMask = 2147483647;
			files = (
				30D1217FDEE03BDDC51541DB /* AppServices.swift in Sources */,
				BBB6B0000B1C48D6C8FEE78E /* ChatIndex.swift in Sources */,
				89DDCBC01432531E47482E41 /* ChatSummary.swift in Sources */,
				7813FE3DEFFD01EB6F4F6D39 /* ChatView.swift in Sources */,
				75B6936C93B9BF6207DBE14B /* ComposerView.swift in Sources */,
				23BA97B185E8F0CA4A991324 /* ConfirmedPreviewCard.swift in Sources */,
				DD224F1891F710F94D738395 /* ConnectView.swift in Sources */,
				01923B5B5D5B72D700FAD381 /* CreditsDebugView.swift in Sources */,
				3770B936C14C45953BB0BCF6 /* CreditsView.swift in Sources */,
				E7A6ED777F9856DCAAEFBB3C /* DeviceCheckTokenProvider.swift in Sources */,
				31FC58FD86B7D517B35D8B51 /* DraftStore.swift in Sources */,
				EBD71849F4A865CB7FF851AF /* EnduragentApp.swift in Sources */,
				BA0900D87796BFA9E7546569 /* FirstWeekFixture.swift in Sources */,
				F58B25BCD97459A9F7D629DD /* FixtureBlockingURLProtocol.swift in Sources */,
				6635CCEF056BD1CAD87E075D /* FixtureClock.swift in Sources */,
				C1581048028E54850D1ECDE7 /* FixtureDirector.swift in Sources */,
				6A7D5F727985CD17A6E911B8 /* FixtureLaunch.swift in Sources */,
				27BF6610E2121427ED6213CE /* HistoryView.swift in Sources */,
				CCB3E03617B218C658E5A729 /* NoticeView.swift in Sources */,
				7422F3FF8076CCBF6185162B /* RecordSyncDebugView.swift in Sources */,
				AEF0742DDDDD3FD9DDCE07E2 /* RootView.swift in Sources */,
				A21777AC90999E3C3E31D49A /* ShellModel.swift in Sources */,
				AF535F31B2177447D1C00D56 /* SidebarView.swift in Sources */,
				8DB4BEAAE94936E8D48FB79D /* SlashListView.swift in Sources */,
				E58F3BAF0D130742B75F56CE /* StarterView.swift in Sources */,
				33656175197B5D6BEBD8F82E /* StoreKitPurchaseCoordinator.swift in Sources */,
				5030EC98960DE14FB9688525 /* TranscriptView.swift in Sources */,
				C97AC1EF5C858E7B5CBD5738 /* TurnRowView.swift in Sources */,
			);
			runOnlyForDeploymentPostprocessing = 0;
		};
/* End PBXSourcesBuildPhase section */

/* Begin PBXTargetDependency section */
		92D212D654ACAA4253CE6152 /* PBXTargetDependency */ = {
			isa = PBXTargetDependency;
			target = 3A70BE77DB500E5467D856E4 /* Enduragent */;
			targetProxy = F01D784EFEB6E05922C873E1 /* PBXContainerItemProxy */;
		};
		CE876FF69565A3B3B67500D0 /* PBXTargetDependency */ = {
			isa = PBXTargetDependency;
			target = 3A70BE77DB500E5467D856E4 /* Enduragent */;
			targetProxy = E4E743D9B2EB08E044426BB0 /* PBXContainerItemProxy */;
		};
/* End PBXTargetDependency section */

/* Begin XCBuildConfiguration section */
		1583E0BE0E7AF2B50AAA1B7D /* Release */ = {
			isa = XCBuildConfiguration;
			buildSettings = {
				BUNDLE_LOADER = "$(TEST_HOST)";
				CODE_SIGN_STYLE = Automatic;
				DEVELOPMENT_TEAM = FA494ACVTF;
				GENERATE_INFOPLIST_FILE = YES;
				IPHONEOS_DEPLOYMENT_TARGET = 26.0;
				LD_RUNPATH_SEARCH_PATHS = (
					"$(inherited)",
					"@executable_path/Frameworks",
					"@loader_path/Frameworks",
				);
				PRODUCT_BUNDLE_IDENTIFIER = icu.enduragent.ios.tests;
				SDKROOT = iphoneos;
				SWIFT_VERSION = 6.0;
				TARGETED_DEVICE_FAMILY = 1;
				TEST_HOST = "$(BUILT_PRODUCTS_DIR)/Enduragent.app/$(BUNDLE_EXECUTABLE_FOLDER_PATH)/Enduragent";
			};
			name = Release;
		};
		2309FEEFDEBCCC7644268E49 /* Debug */ = {
			isa = XCBuildConfiguration;
			buildSettings = {
				ALWAYS_SEARCH_USER_PATHS = NO;
				CLANG_ANALYZER_NONNULL = YES;
				CLANG_ANALYZER_NUMBER_OBJECT_CONVERSION = YES_AGGRESSIVE;
				CLANG_CXX_LANGUAGE_STANDARD = "gnu++14";
				CLANG_CXX_LIBRARY = "libc++";
				CLANG_ENABLE_MODULES = YES;
				CLANG_ENABLE_OBJC_ARC = YES;
				CLANG_ENABLE_OBJC_WEAK = YES;
				CLANG_WARN_BLOCK_CAPTURE_AUTORELEASING = YES;
				CLANG_WARN_BOOL_CONVERSION = YES;
				CLANG_WARN_COMMA = YES;
				CLANG_WARN_CONSTANT_CONVERSION = YES;
				CLANG_WARN_DEPRECATED_OBJC_IMPLEMENTATIONS = YES;
				CLANG_WARN_DIRECT_OBJC_ISA_USAGE = YES_ERROR;
				CLANG_WARN_DOCUMENTATION_COMMENTS = YES;
				CLANG_WARN_EMPTY_BODY = YES;
				CLANG_WARN_ENUM_CONVERSION = YES;
				CLANG_WARN_INFINITE_RECURSION = YES;
				CLANG_WARN_INT_CONVERSION = YES;
				CLANG_WARN_NON_LITERAL_NULL_CONVERSION = YES;
				CLANG_WARN_OBJC_IMPLICIT_RETAIN_SELF = YES;
				CLANG_WARN_OBJC_LITERAL_CONVERSION = YES;
				CLANG_WARN_OBJC_ROOT_CLASS = YES_ERROR;
				CLANG_WARN_QUOTED_INCLUDE_IN_FRAMEWORK_HEADER = YES;
				CLANG_WARN_RANGE_LOOP_ANALYSIS = YES;
				CLANG_WARN_STRICT_PROTOTYPES = YES;
				CLANG_WARN_SUSPICIOUS_MOVE = YES;
				CLANG_WARN_UNGUARDED_AVAILABILITY = YES_AGGRESSIVE;
				CLANG_WARN_UNREACHABLE_CODE = YES;
				CLANG_WARN__DUPLICATE_METHOD_MATCH = YES;
				CODE_SIGN_STYLE = Automatic;
				COPY_PHASE_STRIP = NO;
				DEBUG_INFORMATION_FORMAT = dwarf;
				DEVELOPMENT_TEAM = FA494ACVTF;
				ENABLE_STRICT_OBJC_MSGSEND = YES;
				ENABLE_TESTABILITY = YES;
				GCC_C_LANGUAGE_STANDARD = gnu11;
				GCC_DYNAMIC_NO_PIC = NO;
				GCC_NO_COMMON_BLOCKS = YES;
				GCC_OPTIMIZATION_LEVEL = 0;
				GCC_PREPROCESSOR_DEFINITIONS = (
					"$(inherited)",
					"DEBUG=1",
				);
				GCC_WARN_64_TO_32_BIT_CONVERSION = YES;
				GCC_WARN_ABOUT_RETURN_TYPE = YES_ERROR;
				GCC_WARN_UNDECLARED_SELECTOR = YES;
				GCC_WARN_UNINITIALIZED_AUTOS = YES_AGGRESSIVE;
				GCC_WARN_UNUSED_FUNCTION = YES;
				GCC_WARN_UNUSED_VARIABLE = YES;
				IPHONEOS_DEPLOYMENT_TARGET = 26.0;
				MTL_ENABLE_DEBUG_INFO = INCLUDE_SOURCE;
				MTL_FAST_MATH = YES;
				ONLY_ACTIVE_ARCH = YES;
				PRODUCT_NAME = "$(TARGET_NAME)";
				SDKROOT = iphoneos;
				SWIFT_ACTIVE_COMPILATION_CONDITIONS = DEBUG;
				SWIFT_OPTIMIZATION_LEVEL = "-Onone";
				SWIFT_VERSION = 6.0;
			};
			name = Debug;
		};
		31F66B41134CCD6C5051B121 /* Release */ = {
			isa = XCBuildConfiguration;
			buildSettings = {
				ASSETCATALOG_COMPILER_APPICON_NAME = AppIcon;
				CODE_SIGN_ENTITLEMENTS = Enduragent/Enduragent.entitlements;
				CODE_SIGN_IDENTITY = "iPhone Developer";
				CODE_SIGN_STYLE = Automatic;
				CREDITS_WORKER_BASE = "https://enduragent-credits-testflight.yerzhan-st.workers.dev";
				CURRENT_PROJECT_VERSION = 3;
				DEVELOPMENT_TEAM = FA494ACVTF;
				GENERATE_INFOPLIST_FILE = YES;
				INFOPLIST_FILE = Enduragent/Info.plist;
				INFOPLIST_KEY_CFBundleDisplayName = Enduragent;
				INFOPLIST_KEY_UILaunchScreen_Generation = YES;
				INFOPLIST_KEY_UISupportedInterfaceOrientations = UIInterfaceOrientationPortrait;
				IPHONEOS_DEPLOYMENT_TARGET = 26.0;
				LD_RUNPATH_SEARCH_PATHS = (
					"$(inherited)",
					"@executable_path/Frameworks",
				);
				MARKETING_VERSION = 0.1.0;
				OPENROUTER_MODEL = "deepseek/deepseek-v4.1-flash-20260910";
				PRODUCT_BUNDLE_IDENTIFIER = icu.enduragent.app;
				PRODUCT_NAME = Enduragent;
				SDKROOT = iphoneos;
				SWIFT_VERSION = 6.0;
				TARGETED_DEVICE_FAMILY = 1;
			};
			name = Release;
		};
		391EAE13B5A07C1C465A8156 /* Debug */ = {
			isa = XCBuildConfiguration;
			buildSettings = {
				BUNDLE_LOADER = "$(TEST_HOST)";
				CODE_SIGN_STYLE = Automatic;
				DEVELOPMENT_TEAM = FA494ACVTF;
				GENERATE_INFOPLIST_FILE = YES;
				IPHONEOS_DEPLOYMENT_TARGET = 26.0;
				LD_RUNPATH_SEARCH_PATHS = (
					"$(inherited)",
					"@executable_path/Frameworks",
					"@loader_path/Frameworks",
				);
				PRODUCT_BUNDLE_IDENTIFIER = icu.enduragent.ios.uitests;
				SDKROOT = iphoneos;
				SWIFT_VERSION = 6.0;
				TARGETED_DEVICE_FAMILY = 1;
				TEST_TARGET_NAME = Enduragent;
			};
			name = Debug;
		};
		6E35EA6B1851EB4F57FF1F90 /* Release */ = {
			isa = XCBuildConfiguration;
			buildSettings = {
				ALWAYS_SEARCH_USER_PATHS = NO;
				CLANG_ANALYZER_NONNULL = YES;
				CLANG_ANALYZER_NUMBER_OBJECT_CONVERSION = YES_AGGRESSIVE;
				CLANG_CXX_LANGUAGE_STANDARD = "gnu++14";
				CLANG_CXX_LIBRARY = "libc++";
				CLANG_ENABLE_MODULES = YES;
				CLANG_ENABLE_OBJC_ARC = YES;
				CLANG_ENABLE_OBJC_WEAK = YES;
				CLANG_WARN_BLOCK_CAPTURE_AUTORELEASING = YES;
				CLANG_WARN_BOOL_CONVERSION = YES;
				CLANG_WARN_COMMA = YES;
				CLANG_WARN_CONSTANT_CONVERSION = YES;
				CLANG_WARN_DEPRECATED_OBJC_IMPLEMENTATIONS = YES;
				CLANG_WARN_DIRECT_OBJC_ISA_USAGE = YES_ERROR;
				CLANG_WARN_DOCUMENTATION_COMMENTS = YES;
				CLANG_WARN_EMPTY_BODY = YES;
				CLANG_WARN_ENUM_CONVERSION = YES;
				CLANG_WARN_INFINITE_RECURSION = YES;
				CLANG_WARN_INT_CONVERSION = YES;
				CLANG_WARN_NON_LITERAL_NULL_CONVERSION = YES;
				CLANG_WARN_OBJC_IMPLICIT_RETAIN_SELF = YES;
				CLANG_WARN_OBJC_LITERAL_CONVERSION = YES;
				CLANG_WARN_OBJC_ROOT_CLASS = YES_ERROR;
				CLANG_WARN_QUOTED_INCLUDE_IN_FRAMEWORK_HEADER = YES;
				CLANG_WARN_RANGE_LOOP_ANALYSIS = YES;
				CLANG_WARN_STRICT_PROTOTYPES = YES;
				CLANG_WARN_SUSPICIOUS_MOVE = YES;
				CLANG_WARN_UNGUARDED_AVAILABILITY = YES_AGGRESSIVE;
				CLANG_WARN_UNREACHABLE_CODE = YES;
				CLANG_WARN__DUPLICATE_METHOD_MATCH = YES;
				CODE_SIGN_STYLE = Automatic;
				COPY_PHASE_STRIP = NO;
				DEBUG_INFORMATION_FORMAT = "dwarf-with-dsym";
				DEVELOPMENT_TEAM = FA494ACVTF;
				ENABLE_NS_ASSERTIONS = NO;
				ENABLE_STRICT_OBJC_MSGSEND = YES;
				GCC_C_LANGUAGE_STANDARD = gnu11;
				GCC_NO_COMMON_BLOCKS = YES;
				GCC_WARN_64_TO_32_BIT_CONVERSION = YES;
				GCC_WARN_ABOUT_RETURN_TYPE = YES_ERROR;
				GCC_WARN_UNDECLARED_SELECTOR = YES;
				GCC_WARN_UNINITIALIZED_AUTOS = YES_AGGRESSIVE;
				GCC_WARN_UNUSED_FUNCTION = YES;
				GCC_WARN_UNUSED_VARIABLE = YES;
				IPHONEOS_DEPLOYMENT_TARGET = 26.0;
				MTL_ENABLE_DEBUG_INFO = NO;
				MTL_FAST_MATH = YES;
				PRODUCT_NAME = "$(TARGET_NAME)";
				SDKROOT = iphoneos;
				SWIFT_COMPILATION_MODE = wholemodule;
				SWIFT_OPTIMIZATION_LEVEL = "-O";
				SWIFT_VERSION = 6.0;
			};
			name = Release;
		};
		E26A45F5F5389D04F4C3AA63 /* Debug */ = {
			isa = XCBuildConfiguration;
			buildSettings = {
				BUNDLE_LOADER = "$(TEST_HOST)";
				CODE_SIGN_STYLE = Automatic;
				DEVELOPMENT_TEAM = FA494ACVTF;
				GENERATE_INFOPLIST_FILE = YES;
				IPHONEOS_DEPLOYMENT_TARGET = 26.0;
				LD_RUNPATH_SEARCH_PATHS = (
					"$(inherited)",
					"@executable_path/Frameworks",
					"@loader_path/Frameworks",
				);
				PRODUCT_BUNDLE_IDENTIFIER = icu.enduragent.ios.tests;
				SDKROOT = iphoneos;
				SWIFT_VERSION = 6.0;
				TARGETED_DEVICE_FAMILY = 1;
				TEST_HOST = "$(BUILT_PRODUCTS_DIR)/Enduragent.app/$(BUNDLE_EXECUTABLE_FOLDER_PATH)/Enduragent";
			};
			name = Debug;
		};
		F113330DFB359F104B746C45 /* Debug */ = {
			isa = XCBuildConfiguration;
			buildSettings = {
				ASSETCATALOG_COMPILER_APPICON_NAME = AppIcon;
				CODE_SIGN_ENTITLEMENTS = Enduragent/Enduragent.entitlements;
				CODE_SIGN_IDENTITY = "iPhone Developer";
				CODE_SIGN_STYLE = Automatic;
				CREDITS_WORKER_BASE = "https://enduragent-credits-testflight.yerzhan-st.workers.dev";
				CURRENT_PROJECT_VERSION = 3;
				DEVELOPMENT_TEAM = FA494ACVTF;
				GENERATE_INFOPLIST_FILE = YES;
				INFOPLIST_FILE = Enduragent/Info.plist;
				INFOPLIST_KEY_CFBundleDisplayName = Enduragent;
				INFOPLIST_KEY_UILaunchScreen_Generation = YES;
				INFOPLIST_KEY_UISupportedInterfaceOrientations = UIInterfaceOrientationPortrait;
				IPHONEOS_DEPLOYMENT_TARGET = 26.0;
				LD_RUNPATH_SEARCH_PATHS = (
					"$(inherited)",
					"@executable_path/Frameworks",
				);
				MARKETING_VERSION = 0.1.0;
				OPENROUTER_MODEL = "deepseek/deepseek-v4.1-flash-20260910";
				PRODUCT_BUNDLE_IDENTIFIER = icu.enduragent.app;
				PRODUCT_NAME = Enduragent;
				SDKROOT = iphoneos;
				SWIFT_VERSION = 6.0;
				TARGETED_DEVICE_FAMILY = 1;
			};
			name = Debug;
		};
		F7829210EFA16BF233D82492 /* Release */ = {
			isa = XCBuildConfiguration;
			buildSettings = {
				BUNDLE_LOADER = "$(TEST_HOST)";
				CODE_SIGN_STYLE = Automatic;
				DEVELOPMENT_TEAM = FA494ACVTF;
				GENERATE_INFOPLIST_FILE = YES;
				IPHONEOS_DEPLOYMENT_TARGET = 26.0;
				LD_RUNPATH_SEARCH_PATHS = (
					"$(inherited)",
					"@executable_path/Frameworks",
					"@loader_path/Frameworks",
				);
				PRODUCT_BUNDLE_IDENTIFIER = icu.enduragent.ios.uitests;
				SDKROOT = iphoneos;
				SWIFT_VERSION = 6.0;
				TARGETED_DEVICE_FAMILY = 1;
				TEST_TARGET_NAME = Enduragent;
			};
			name = Release;
		};
/* End XCBuildConfiguration section */

/* Begin XCConfigurationList section */
		61EFC994C353EA2D0FDA85B5 /* Build configuration list for PBXNativeTarget "EnduragentTests" */ = {
			isa = XCConfigurationList;
			buildConfigurations = (
				E26A45F5F5389D04F4C3AA63 /* Debug */,
				1583E0BE0E7AF2B50AAA1B7D /* Release */,
			);
			defaultConfigurationIsVisible = 0;
			defaultConfigurationName = Debug;
		};
		DEE05A860252D10D7E8DA411 /* Build configuration list for PBXNativeTarget "Enduragent" */ = {
			isa = XCConfigurationList;
			buildConfigurations = (
				F113330DFB359F104B746C45 /* Debug */,
				31F66B41134CCD6C5051B121 /* Release */,
			);
			defaultConfigurationIsVisible = 0;
			defaultConfigurationName = Debug;
		};
		E15424E1DCF11BC7E1425489 /* Build configuration list for PBXProject "Enduragent" */ = {
			isa = XCConfigurationList;
			buildConfigurations = (
				2309FEEFDEBCCC7644268E49 /* Debug */,
				6E35EA6B1851EB4F57FF1F90 /* Release */,
			);
			defaultConfigurationIsVisible = 0;
			defaultConfigurationName = Debug;
		};
		FCBFF68A8F1D84AC6548BAB9 /* Build configuration list for PBXNativeTarget "EnduragentUITests" */ = {
			isa = XCConfigurationList;
			buildConfigurations = (
				391EAE13B5A07C1C465A8156 /* Debug */,
				F7829210EFA16BF233D82492 /* Release */,
			);
			defaultConfigurationIsVisible = 0;
			defaultConfigurationName = Debug;
		};
/* End XCConfigurationList section */

/* Begin XCLocalSwiftPackageReference section */
		EBD482388D678E52A12B6965 /* XCLocalSwiftPackageReference "Packages/EnduragentCoach" */ = {
			isa = XCLocalSwiftPackageReference;
			relativePath = Packages/EnduragentCoach;
		};
/* End XCLocalSwiftPackageReference section */

/* Begin XCSwiftPackageProductDependency section */
		E957E38AABE221883FA39FAE /* EnduragentCoach */ = {
			isa = XCSwiftPackageProductDependency;
			productName = EnduragentCoach;
		};
/* End XCSwiftPackageProductDependency section */
	};
	rootObject = 0EDD2A7254B92CE5818E5193 /* Project object */;
}
